
Microsoft Visual Studio Solution File, Format Version 12.00
# Visual Studio Version 17
VisualStudioVersion = 17.2.32516.85
MinimumVisualStudioVersion = 10.0.40219.1
Project("{9A19103F-16F7-4668-BE54-9A1E7A4F7556}") = "SanTsg-Bootcamp.Web", "SanTsg-Bootcamp\SanTsg-Bootcamp.Web.csproj", "{D2A02317-0C65-4AD1-BCD1-B84F986CC610}"
EndProject
Global
	GlobalSection(SolutionConfigurationPlatforms) = preSolution
		Debug|Any CPU = Debug|Any CPU
		Release|Any CPU = Release|Any CPU
	EndGlobalSection
	GlobalSection(ProjectConfigurationPlatforms) = postSolution
		{D2A02317-0C65-4AD1-BCD1-B84F986CC610}.Debug|Any CPU.ActiveCfg = Debug|Any CPU
		{D2A02317-0C65-4AD1-BCD1-B84F986CC610}.Debug|Any CPU.Build.0 = Debug|Any CPU
		{D2A02317-0C65-4AD1-BCD1-B84F986CC610}.Release|Any CPU.ActiveCfg = Release|Any CPU
		{D2A02317-0C65-4AD1-BCD1-B84F986CC610}.Release|Any CPU.Build.0 = Release|Any CPU
	EndGlobalSection
	GlobalSection(SolutionProperties) = preSolution
		HideSolutionNode = FALSE
	EndGlobalSection
	GlobalSection(ExtensibilityGlobals) = postSolution
		SolutionGuid = {1E47DD79-ED57-41C4-8AC2-E22438828621}
	EndGlobalSection
EndGlobal
